
Microsoft Visual Studio Solution File, Format Version 12.00
# Visual Studio Version 17
VisualStudioVersion = 17.14.36518.9
MinimumVisualStudioVersion = 10.0.40219.1
Project("{FAE04EC0-301F-11D3-BF4B-00C04F79EFBC}") = "KSeF.Services", "..\KSeF-API\KSeF.Services\KSeF.Services.csproj", "{10A75BDD-3E63-B8D8-F956-25CBEEB011BA}"
EndProject
Global
	GlobalSection(SolutionConfigurationPlatforms) = preSolution
		Debug|Any CPU = Debug|Any CPU
		Release|Any CPU = Release|Any CPU
	EndGlobalSection
	GlobalSection(ProjectConfigurationPlatforms) = postSolution
		{10A75BDD-3E63-B8D8-F956-25CBEEB011BA}.Debug|Any CPU.ActiveCfg = Debug|Any CPU
		{10A75BDD-3E63-B8D8-F956-25CBEEB011BA}.Debug|Any CPU.Build.0 = Debug|Any CPU
		{10A75BDD-3E63-B8D8-F956-25CBEEB011BA}.Release|Any CPU.ActiveCfg = Release|Any CPU
		{10A75BDD-3E63-B8D8-F956-25CBEEB011BA}.Release|Any CPU.Build.0 = Release|Any CPU
	EndGlobalSection
	GlobalSection(SolutionProperties) = preSolution
		HideSolutionNode = FALSE
	EndGlobalSection
	GlobalSection(ExtensibilityGlobals) = postSolution
		SolutionGuid = {F3981B67-532A-4D09-B517-A5AAC17292C0}
	EndGlobalSection
EndGlobal
